
Microsoft Visual Studio Solution File, Format Version 12.00
# Visual Studio Version 17
VisualStudioVersion = 17.13.35931.197 d17.13
MinimumVisualStudioVersion = 10.0.40219.1
Project("{FAE04EC0-301F-11D3-BF4B-00C04F79EFBC}") = "Api", "Api\Api.csproj", "{18A33954-0F47-47F0-926A-9178A59257B8}"
EndProject
Project("{FAE04EC0-301F-11D3-BF4B-00C04F79EFBC}") = "Domain", "Domain\Domain.csproj", "{CC287905-9B9B-4EFE-9019-D6B5E6253941}"
EndProject
Project("{FAE04EC0-301F-11D3-BF4B-00C04F79EFBC}") = "Infrastructure", "Infrastructure\Infrastructure.csproj", "{239D8D1E-8B5E-440A-830B-F36265950DAB}"
EndProject
Global
	GlobalSection(SolutionConfigurationPlatforms) = preSolution
		Debug|Any CPU = Debug|Any CPU
		Release|Any CPU = Release|Any CPU
	EndGlobalSection
	GlobalSection(ProjectConfigurationPlatforms) = postSolution
		{18A33954-0F47-47F0-926A-9178A59257B8}.Debug|Any CPU.ActiveCfg = Debug|Any CPU
		{18A33954-0F47-47F0-926A-9178A59257B8}.Debug|Any CPU.Build.0 = Debug|Any CPU
		{18A33954-0F47-47F0-926A-9178A59257B8}.Release|Any CPU.ActiveCfg = Release|Any CPU
		{18A33954-0F47-47F0-926A-9178A59257B8}.Release|Any CPU.Build.0 = Release|Any CPU
		{CC287905-9B9B-4EFE-9019-D6B5E6253941}.Debug|Any CPU.ActiveCfg = Debug|Any CPU
		{CC287905-9B9B-4EFE-9019-D6B5E6253941}.Debug|Any CPU.Build.0 = Debug|Any CPU
		{CC287905-9B9B-4EFE-9019-D6B5E6253941}.Release|Any CPU.ActiveCfg = Release|Any CPU
		{CC287905-9B9B-4EFE-9019-D6B5E6253941}.Release|Any CPU.Build.0 = Release|Any CPU
		{239D8D1E-8B5E-440A-830B-F36265950DAB}.Debug|Any CPU.ActiveCfg = Debug|Any CPU
		{239D8D1E-8B5E-440A-830B-F36265950DAB}.Debug|Any CPU.Build.0 = Debug|Any CPU
		{239D8D1E-8B5E-440A-830B-F36265950DAB}.Release|Any CPU.ActiveCfg = Release|Any CPU
		{239D8D1E-8B5E-440A-830B-F36265950DAB}.Release|Any CPU.Build.0 = Release|Any CPU
	EndGlobalSection
	GlobalSection(SolutionProperties) = preSolution
		HideSolutionNode = FALSE
	EndGlobalSection
	GlobalSection(ExtensibilityGlobals) = postSolution
		SolutionGuid = {F2A1541F-AD05-46C0-B127-D8CEA72EAAB2}
	EndGlobalSection
EndGlobal
