
Microsoft Visual Studio Solution File, Format Version 12.00
# Visual Studio Version 17
VisualStudioVersion = 17.13.35931.197
MinimumVisualStudioVersion = 10.0.40219.1
Project("{FAE04EC0-301F-11D3-BF4B-00C04F79EFBC}") = "AilosInfra", "..\AilosInfra\AilosInfra\AilosInfra.csproj", "{52663F6A-9470-5A2A-7FAF-3BC06AAB52A0}"
EndProject
Project("{FAE04EC0-301F-11D3-BF4B-00C04F79EFBC}") = "Api", "Api\Api.csproj", "{C481D275-B83D-468B-8616-B571CD434BD9}"
EndProject
Project("{FAE04EC0-301F-11D3-BF4B-00C04F79EFBC}") = "Application", "Application\Application.csproj", "{2942ECF7-5B3F-4E42-BDB7-BDC97EDF0C53}"
EndProject
Project("{FAE04EC0-301F-11D3-BF4B-00C04F79EFBC}") = "Domain", "Domain\Domain.csproj", "{F009FAFB-5427-496D-8510-5ECC54B2AC36}"
EndProject
Project("{FAE04EC0-301F-11D3-BF4B-00C04F79EFBC}") = "Services", "Services\Services.csproj", "{49C8E1E5-1992-43B6-A4F8-0F4535AD1F11}"
EndProject
Global
	GlobalSection(SolutionConfigurationPlatforms) = preSolution
		Debug|Any CPU = Debug|Any CPU
		Release|Any CPU = Release|Any CPU
	EndGlobalSection
	GlobalSection(ProjectConfigurationPlatforms) = postSolution
		{52663F6A-9470-5A2A-7FAF-3BC06AAB52A0}.Debug|Any CPU.ActiveCfg = Debug|Any CPU
		{52663F6A-9470-5A2A-7FAF-3BC06AAB52A0}.Debug|Any CPU.Build.0 = Debug|Any CPU
		{52663F6A-9470-5A2A-7FAF-3BC06AAB52A0}.Release|Any CPU.ActiveCfg = Release|Any CPU
		{52663F6A-9470-5A2A-7FAF-3BC06AAB52A0}.Release|Any CPU.Build.0 = Release|Any CPU
		{C481D275-B83D-468B-8616-B571CD434BD9}.Debug|Any CPU.ActiveCfg = Debug|Any CPU
		{C481D275-B83D-468B-8616-B571CD434BD9}.Debug|Any CPU.Build.0 = Debug|Any CPU
		{C481D275-B83D-468B-8616-B571CD434BD9}.Release|Any CPU.ActiveCfg = Release|Any CPU
		{C481D275-B83D-468B-8616-B571CD434BD9}.Release|Any CPU.Build.0 = Release|Any CPU
		{2942ECF7-5B3F-4E42-BDB7-BDC97EDF0C53}.Debug|Any CPU.ActiveCfg = Debug|Any CPU
		{2942ECF7-5B3F-4E42-BDB7-BDC97EDF0C53}.Debug|Any CPU.Build.0 = Debug|Any CPU
		{2942ECF7-5B3F-4E42-BDB7-BDC97EDF0C53}.Release|Any CPU.ActiveCfg = Release|Any CPU
		{2942ECF7-5B3F-4E42-BDB7-BDC97EDF0C53}.Release|Any CPU.Build.0 = Release|Any CPU
		{F009FAFB-5427-496D-8510-5ECC54B2AC36}.Debug|Any CPU.ActiveCfg = Debug|Any CPU
		{F009FAFB-5427-496D-8510-5ECC54B2AC36}.Debug|Any CPU.Build.0 = Debug|Any CPU
		{F009FAFB-5427-496D-8510-5ECC54B2AC36}.Release|Any CPU.ActiveCfg = Release|Any CPU
		{F009FAFB-5427-496D-8510-5ECC54B2AC36}.Release|Any CPU.Build.0 = Release|Any CPU
		{49C8E1E5-1992-43B6-A4F8-0F4535AD1F11}.Debug|Any CPU.ActiveCfg = Debug|Any CPU
		{49C8E1E5-1992-43B6-A4F8-0F4535AD1F11}.Debug|Any CPU.Build.0 = Debug|Any CPU
		{49C8E1E5-1992-43B6-A4F8-0F4535AD1F11}.Release|Any CPU.ActiveCfg = Release|Any CPU
		{49C8E1E5-1992-43B6-A4F8-0F4535AD1F11}.Release|Any CPU.Build.0 = Release|Any CPU
	EndGlobalSection
	GlobalSection(SolutionProperties) = preSolution
		HideSolutionNode = FALSE
	EndGlobalSection
	GlobalSection(ExtensibilityGlobals) = postSolution
		SolutionGuid = {B45C91EB-8242-4EE4-8260-873F99A88E15}
	EndGlobalSection
EndGlobal
